{
  "name": "pioneer-study-online-news",
  "version": "1.0.2",
  "lockfileVersion": 1,
  "requires": true,
  "dependencies": {
    "mustache": {
      "version": "2.3.0",
      "resolved": "https://registry.npmjs.org/mustache/-/mustache-2.3.0.tgz",
      "integrity": "sha1-QCj3d4sXcIpImTCm5SrDvKDaQdA=",
      "dev": true
    },
    "pioneer-utils": {
      "version": "1.0.6",
      "resolved": "https://registry.npmjs.org/pioneer-utils/-/pioneer-utils-1.0.6.tgz",
      "integrity": "sha1-vdxJOX2zhjRwwRSNQYdxcJD52L4=",
      "dev": true
    }
  }
}
